
Microsoft Visual Studio Solution File, Format Version 12.00
# Visual Studio Version 17
VisualStudioVersion = 17.13.35825.156 d17.13
MinimumVisualStudioVersion = 10.0.40219.1
Project("{FAE04EC0-301F-11D3-BF4B-00C04F79EFBC}") = "GeoEspectro", "GeoEspectro.csproj", "{B94005F9-7D98-4D05-93F8-921CF0BCC965}"
EndProject
Global
	GlobalSection(SolutionConfigurationPlatforms) = preSolution
		Debug|Any CPU = Debug|Any CPU
		Release|Any CPU = Release|Any CPU
	EndGlobalSection
	GlobalSection(ProjectConfigurationPlatforms) = postSolution
		{B94005F9-7D98-4D05-93F8-921CF0BCC965}.Debug|Any CPU.ActiveCfg = Debug|Any CPU
		{B94005F9-7D98-4D05-93F8-921CF0BCC965}.Debug|Any CPU.Build.0 = Debug|Any CPU
		{B94005F9-7D98-4D05-93F8-921CF0BCC965}.Release|Any CPU.ActiveCfg = Release|Any CPU
		{B94005F9-7D98-4D05-93F8-921CF0BCC965}.Release|Any CPU.Build.0 = Release|Any CPU
	EndGlobalSection
	GlobalSection(SolutionProperties) = preSolution
		HideSolutionNode = FALSE
	EndGlobalSection
	GlobalSection(ExtensibilityGlobals) = postSolution
		SolutionGuid = {2BDED935-BE99-48CC-A25F-31935906AF45}
	EndGlobalSection
EndGlobal
